
Microsoft Visual Studio Solution File, Format Version 12.00
# Visual Studio Version 16
VisualStudioVersion = 16.0.33529.622
MinimumVisualStudioVersion = 10.0.40219.1
Project("{FAE04EC0-301F-11D3-BF4B-00C04F79EFBC}") = "LayoutDemo", "LayoutDemo.csproj", "{4473376C-B511-4A77-90C6-DAB07E3D6009}"
EndProject
Global
	GlobalSection(SolutionConfigurationPlatforms) = preSolution
		Debug|Any CPU = Debug|Any CPU
		Release|Any CPU = Release|Any CPU
	EndGlobalSection
	GlobalSection(ProjectConfigurationPlatforms) = postSolution
		{4473376C-B511-4A77-90C6-DAB07E3D6009}.Debug|Any CPU.ActiveCfg = Debug|Any CPU
		{4473376C-B511-4A77-90C6-DAB07E3D6009}.Debug|Any CPU.Build.0 = Debug|Any CPU
		{4473376C-B511-4A77-90C6-DAB07E3D6009}.Release|Any CPU.ActiveCfg = Release|Any CPU
		{4473376C-B511-4A77-90C6-DAB07E3D6009}.Release|Any CPU.Build.0 = Release|Any CPU
	EndGlobalSection
	GlobalSection(SolutionProperties) = preSolution
		HideSolutionNode = FALSE
	EndGlobalSection
	GlobalSection(ExtensibilityGlobals) = postSolution
		SolutionGuid = {E1B40929-810A-4B95-B2C0-FA3C81985695}
	EndGlobalSection
EndGlobal
