
Microsoft Visual Studio Solution File, Format Version 12.00
# Visual Studio Version 16
VisualStudioVersion = 16.0.33214.272
MinimumVisualStudioVersion = 10.0.40219.1
Project("{FAE04EC0-301F-11D3-BF4B-00C04F79EFBC}") = "StudentLogin", "StudentLogin.csproj", "{1F80EF8A-F977-4A4F-8649-06B3E9A79D03}"
EndProject
Global
	GlobalSection(SolutionConfigurationPlatforms) = preSolution
		Debug|Any CPU = Debug|Any CPU
		Release|Any CPU = Release|Any CPU
	EndGlobalSection
	GlobalSection(ProjectConfigurationPlatforms) = postSolution
		{1F80EF8A-F977-4A4F-8649-06B3E9A79D03}.Debug|Any CPU.ActiveCfg = Debug|Any CPU
		{1F80EF8A-F977-4A4F-8649-06B3E9A79D03}.Debug|Any CPU.Build.0 = Debug|Any CPU
		{1F80EF8A-F977-4A4F-8649-06B3E9A79D03}.Release|Any CPU.ActiveCfg = Release|Any CPU
		{1F80EF8A-F977-4A4F-8649-06B3E9A79D03}.Release|Any CPU.Build.0 = Release|Any CPU
	EndGlobalSection
	GlobalSection(SolutionProperties) = preSolution
		HideSolutionNode = FALSE
	EndGlobalSection
	GlobalSection(ExtensibilityGlobals) = postSolution
		SolutionGuid = {08737020-17BB-4CD3-A5B9-70420AE5F808}
	EndGlobalSection
EndGlobal
