
Microsoft Visual Studio Solution File, Format Version 12.00
# Visual Studio Version 16
VisualStudioVersion = 16.0.33529.622
MinimumVisualStudioVersion = 10.0.40219.1
Project("{FAE04EC0-301F-11D3-BF4B-00C04F79EFBC}") = "ControllerDemo", "ControllerDemo.csproj", "{6F5633D2-C11C-4628-8E44-A30AD84C9804}"
EndProject
Global
	GlobalSection(SolutionConfigurationPlatforms) = preSolution
		Debug|Any CPU = Debug|Any CPU
		Release|Any CPU = Release|Any CPU
	EndGlobalSection
	GlobalSection(ProjectConfigurationPlatforms) = postSolution
		{6F5633D2-C11C-4628-8E44-A30AD84C9804}.Debug|Any CPU.ActiveCfg = Debug|Any CPU
		{6F5633D2-C11C-4628-8E44-A30AD84C9804}.Debug|Any CPU.Build.0 = Debug|Any CPU
		{6F5633D2-C11C-4628-8E44-A30AD84C9804}.Release|Any CPU.ActiveCfg = Release|Any CPU
		{6F5633D2-C11C-4628-8E44-A30AD84C9804}.Release|Any CPU.Build.0 = Release|Any CPU
	EndGlobalSection
	GlobalSection(SolutionProperties) = preSolution
		HideSolutionNode = FALSE
	EndGlobalSection
	GlobalSection(ExtensibilityGlobals) = postSolution
		SolutionGuid = {B2990FA8-0134-493A-BAC1-F5F28CFD857F}
	EndGlobalSection
EndGlobal
